
Microsoft Visual Studio Solution File, Format Version 12.00
# Visual Studio Version 17
VisualStudioVersion = 17.6.33829.357
MinimumVisualStudioVersion = 10.0.40219.1
Project("{FAE04EC0-301F-11D3-BF4B-00C04F79EFBC}") = "Owin.OAuth.Server", "Owin.OAuth.Server\Owin.OAuth.Server.csproj", "{1D53F8F2-6B39-4609-B724-1C9C1D12E800}"
EndProject
Global
	GlobalSection(SolutionConfigurationPlatforms) = preSolution
		Debug|Any CPU = Debug|Any CPU
		Release|Any CPU = Release|Any CPU
	EndGlobalSection
	GlobalSection(ProjectConfigurationPlatforms) = postSolution
		{1D53F8F2-6B39-4609-B724-1C9C1D12E800}.Debug|Any CPU.ActiveCfg = Debug|Any CPU
		{1D53F8F2-6B39-4609-B724-1C9C1D12E800}.Debug|Any CPU.Build.0 = Debug|Any CPU
		{1D53F8F2-6B39-4609-B724-1C9C1D12E800}.Release|Any CPU.ActiveCfg = Release|Any CPU
		{1D53F8F2-6B39-4609-B724-1C9C1D12E800}.Release|Any CPU.Build.0 = Release|Any CPU
	EndGlobalSection
	GlobalSection(SolutionProperties) = preSolution
		HideSolutionNode = FALSE
	EndGlobalSection
	GlobalSection(ExtensibilityGlobals) = postSolution
		SolutionGuid = {407F7C78-2597-4876-815F-9D8A40410019}
	EndGlobalSection
EndGlobal
